<?xml version="1.0" encoding="utf-8"?>
<Project ToolsVersion="4.0" xmlns="http://schemas.microsoft.com/developer/msbuild/2003">
  <ItemGroup>
    <Filter Include="Source Files">
      <UniqueIdentifier>{58f48862-98f7-4a80-bd07-b730368f42f6}</UniqueIdentifier>
      <Extensions>cpp;c;cxx;rc;def;r;odl;idl;hpj;bat</Extensions>
    </Filter>
    <Filter Include="Header Files">
      <UniqueIdentifier>{c6b48f7c-272b-459b-a17b-767af78d5fea}</UniqueIdentifier>
      <Extensions>h;hpp;hxx;hm;inl</Extensions>
    </Filter>
    <Filter Include="Resource Files">
      <UniqueIdentifier>{d1a22e91-c38c-4c03-a0d1-0a99c1e0e0ca}</UniqueIdentifier>
      <Extensions>ico;cur;bmp;dlg;rc2;rct;bin;rgs;gif;jpg;jpeg;jpe</Extensions>
    </Filter>
  </ItemGroup>
  <ItemGroup>
    <ClCompile Include="MessageRecord.cpp">
      <Filter>Source Files</Filter>
    </ClCompile>
    <ClCompile Include="ReportItemControls.cpp">
      <Filter>Source Files</Filter>
    </ClCompile>
    <ClCompile Include="ReportItemControlsDlg.cpp">
      <Filter>Source Files</Filter>
    </ClCompile>
    <ClCompile Include="StdAfx.cpp">
      <Filter>Source Files</Filter>
    </ClCompile>
  </ItemGroup>
  <ItemGroup>
    <ResourceCompile Include="ReportItemControls.rc">
      <Filter>Source Files</Filter>
    </ResourceCompile>
  </ItemGroup>
  <ItemGroup>
    <ClInclude Include="MessageRecord.h">
      <Filter>Header Files</Filter>
    </ClInclude>
    <ClInclude Include="ReportItemControls.h">
      <Filter>Header Files</Filter>
    </ClInclude>
    <ClInclude Include="ReportItemControlsDlg.h">
      <Filter>Header Files</Filter>
    </ClInclude>
    <ClInclude Include="Resource.h">
      <Filter>Header Files</Filter>
    </ClInclude>
    <ClInclude Include="StdAfx.h">
      <Filter>Header Files</Filter>
    </ClInclude>
  </ItemGroup>
  <ItemGroup>
    <None Include="res\bmreport_16.bmp">
      <Filter>Resource Files</Filter>
    </None>
    <None Include="res\bmreport_20.bmp">
      <Filter>Resource Files</Filter>
    </None>
    <None Include="res\bmreport_24.bmp">
      <Filter>Resource Files</Filter>
    </None>
    <None Include="res\bmreport_32.bmp">
      <Filter>Resource Files</Filter>
    </None>
    <None Include="res\CjSample.ico">
      <Filter>Resource Files</Filter>
    </None>
    <None Include="res\ReportItemControls.ico">
      <Filter>Resource Files</Filter>
    </None>
    <None Include="res\ReportItemControls.rc2">
      <Filter>Resource Files</Filter>
    </None>
    <None Include="ReadMe.txt" />
  </ItemGroup>
</Project>