<?xml version="1.0" encoding="utf-8"?>
<Project ToolsVersion="4.0" xmlns="http://schemas.microsoft.com/developer/msbuild/2003">
  <ItemGroup>
    <Filter Include="Source Files">
      <UniqueIdentifier>{2eba530d-2e62-4b74-b736-ecb41d96b90a}</UniqueIdentifier>
      <Extensions>cpp;c;cxx;rc;def;r;odl;idl;hpj;bat</Extensions>
    </Filter>
    <Filter Include="Header Files">
      <UniqueIdentifier>{73a6f95a-cc1c-47ef-aa3d-c43acbb3244d}</UniqueIdentifier>
      <Extensions>h;hpp;hxx;hm;inl</Extensions>
    </Filter>
    <Filter Include="Resource Files">
      <UniqueIdentifier>{517fe4ec-f0ec-4a09-8a1d-28d7c4ca6862}</UniqueIdentifier>
      <Extensions>ico;cur;bmp;dlg;rc2;rct;bin;rgs;gif;jpg;jpeg;jpe</Extensions>
    </Filter>
  </ItemGroup>
  <ItemGroup>
    <ClCompile Include="FlatHeader.cpp">
      <Filter>Source Files</Filter>
    </ClCompile>
    <ClCompile Include="FlatHeaderDlg.cpp">
      <Filter>Source Files</Filter>
    </ClCompile>
    <ClCompile Include="StdAfx.cpp">
      <Filter>Source Files</Filter>
    </ClCompile>
  </ItemGroup>
  <ItemGroup>
    <ResourceCompile Include="FlatHeader.rc">
      <Filter>Source Files</Filter>
    </ResourceCompile>
  </ItemGroup>
  <ItemGroup>
    <ClInclude Include="..\..\AboutDlg\AboutDlg.h">
      <Filter>Header Files</Filter>
    </ClInclude>
    <ClInclude Include="FlatHeader.h">
      <Filter>Header Files</Filter>
    </ClInclude>
    <ClInclude Include="FlatHeaderDlg.h">
      <Filter>Header Files</Filter>
    </ClInclude>
    <ClInclude Include="Resource.h">
      <Filter>Header Files</Filter>
    </ClInclude>
    <ClInclude Include="StdAfx.h">
      <Filter>Header Files</Filter>
    </ClInclude>
  </ItemGroup>
  <ItemGroup>
    <None Include="res\CjSample.ico">
      <Filter>Resource Files</Filter>
    </None>
    <None Include="res\col_0.bmp">
      <Filter>Resource Files</Filter>
    </None>
    <None Include="res\col_1.bmp">
      <Filter>Resource Files</Filter>
    </None>
    <None Include="res\col_2.bmp">
      <Filter>Resource Files</Filter>
    </None>
    <None Include="res\FlatHeader.ico">
      <Filter>Resource Files</Filter>
    </None>
    <None Include="res\FlatHeader.rc2">
      <Filter>Resource Files</Filter>
    </None>
  </ItemGroup>
</Project>