<?xml version="1.0" encoding="utf-8"?>
<Project ToolsVersion="4.0" xmlns="http://schemas.microsoft.com/developer/msbuild/2003">
  <ItemGroup>
    <Filter Include="Source Files">
      <UniqueIdentifier>{20990a30-cb60-402f-97e1-11b01acde0ab}</UniqueIdentifier>
      <Extensions>cpp;c;cxx;rc;def;r;odl;hpj;bat;for;f90</Extensions>
    </Filter>
    <Filter Include="Header Files">
      <UniqueIdentifier>{ebde70b1-d1d7-4bfa-87e6-26f55114e476}</UniqueIdentifier>
      <Extensions>h;hpp;hxx;inl;fi;fd</Extensions>
    </Filter>
    <Filter Include="Resource Files">
      <UniqueIdentifier>{1e40f307-7d1a-4f23-a6de-b4357b8a39d5}</UniqueIdentifier>
      <Extensions>ico;cur;bmp;dlg;rc2;rct;cnt;rtf;gif;jpg;jpeg;jpe</Extensions>
    </Filter>
  </ItemGroup>
  <ItemGroup>
    <ClCompile Include="cntritem.cpp">
      <Filter>Source Files</Filter>
    </ClCompile>
    <ClCompile Include="drawcli.cpp">
      <Filter>Source Files</Filter>
    </ClCompile>
    <ClCompile Include="drawdoc.cpp">
      <Filter>Source Files</Filter>
    </ClCompile>
    <ClCompile Include="drawobj.cpp">
      <Filter>Source Files</Filter>
    </ClCompile>
    <ClCompile Include="drawtool.cpp">
      <Filter>Source Files</Filter>
    </ClCompile>
    <ClCompile Include="drawvw.cpp">
      <Filter>Source Files</Filter>
    </ClCompile>
    <ClCompile Include="mainfrm.cpp">
      <Filter>Source Files</Filter>
    </ClCompile>
    <ClCompile Include="PanePropertyGrid.cpp">
      <Filter>Source Files</Filter>
    </ClCompile>
    <ClCompile Include="propset.cpp">
      <Filter>Source Files</Filter>
    </ClCompile>
    <ClCompile Include="rectdlg.cpp">
      <Filter>Source Files</Filter>
    </ClCompile>
    <ClCompile Include="splitfrm.cpp">
      <Filter>Source Files</Filter>
    </ClCompile>
    <ClCompile Include="statpage.cpp">
      <Filter>Source Files</Filter>
    </ClCompile>
    <ClCompile Include="stdafx.cpp">
      <Filter>Source Files</Filter>
    </ClCompile>
    <ClCompile Include="summinfo.cpp">
      <Filter>Source Files</Filter>
    </ClCompile>
    <ClCompile Include="summpage.cpp">
      <Filter>Source Files</Filter>
    </ClCompile>
  </ItemGroup>
  <ItemGroup>
    <ResourceCompile Include="drawcli.rc">
      <Filter>Source Files</Filter>
    </ResourceCompile>
  </ItemGroup>
  <ItemGroup>
    <ClInclude Include="cntritem.h">
      <Filter>Header Files</Filter>
    </ClInclude>
    <ClInclude Include="drawcli.h">
      <Filter>Header Files</Filter>
    </ClInclude>
    <ClInclude Include="drawdoc.h">
      <Filter>Header Files</Filter>
    </ClInclude>
    <ClInclude Include="drawobj.h">
      <Filter>Header Files</Filter>
    </ClInclude>
    <ClInclude Include="drawtool.h">
      <Filter>Header Files</Filter>
    </ClInclude>
    <ClInclude Include="drawvw.h">
      <Filter>Header Files</Filter>
    </ClInclude>
    <ClInclude Include="mainfrm.h">
      <Filter>Header Files</Filter>
    </ClInclude>
    <ClInclude Include="PanePropertyGrid.h">
      <Filter>Header Files</Filter>
    </ClInclude>
    <ClInclude Include="rectdlg.h">
      <Filter>Header Files</Filter>
    </ClInclude>
    <ClInclude Include="splitfrm.h">
      <Filter>Header Files</Filter>
    </ClInclude>
    <ClInclude Include="stdafx.h">
      <Filter>Header Files</Filter>
    </ClInclude>
  </ItemGroup>
  <ItemGroup>
    <None Include="res\CjSample.ico">
      <Filter>Resource Files</Filter>
    </None>
    <None Include="res\colors.bmp">
      <Filter>Resource Files</Filter>
    </None>
    <None Include="res\drawcli.ico">
      <Filter>Resource Files</Filter>
    </None>
    <None Include="res\drawcli.rc2">
      <Filter>Resource Files</Filter>
    </None>
    <None Include="res\drawdoc.ico">
      <Filter>Resource Files</Filter>
    </None>
    <None Include="res\icon1.ico">
      <Filter>Resource Files</Filter>
    </None>
    <None Include="res\paneicon.bmp">
      <Filter>Resource Files</Filter>
    </None>
    <None Include="res\PaneProperties.bmp">
      <Filter>Resource Files</Filter>
    </None>
    <None Include="res\pencil.cur">
      <Filter>Resource Files</Filter>
    </None>
    <None Include="res\toolbar.bmp">
      <Filter>Resource Files</Filter>
    </None>
    <None Include="res\toolbar1.bmp">
      <Filter>Resource Files</Filter>
    </None>
  </ItemGroup>
</Project>