<?xml version="1.0" encoding="utf-8"?>
<Project ToolsVersion="4.0" xmlns="http://schemas.microsoft.com/developer/msbuild/2003">
  <ItemGroup>
    <Filter Include="Source Files">
      <UniqueIdentifier>{fc372160-c9b8-4a7a-8bec-04be548d7d5f}</UniqueIdentifier>
      <Extensions>cpp;c;cxx;rc;def;r;odl;idl;hpj;bat</Extensions>
    </Filter>
    <Filter Include="Header Files">
      <UniqueIdentifier>{fe5da712-d7b3-48c0-bb9e-a9742ca2f475}</UniqueIdentifier>
      <Extensions>h;hpp;hxx;hm;inl</Extensions>
    </Filter>
    <Filter Include="Resource Files">
      <UniqueIdentifier>{38a0ea56-b022-4ffe-aa78-88c0b092c1fd}</UniqueIdentifier>
      <Extensions>ico;cur;bmp;dlg;rc2;rct;bin;rgs;gif;jpg;jpeg;jpe</Extensions>
    </Filter>
    <Filter Include="Styles">
      <UniqueIdentifier>{2ff57edb-14fb-4515-b96b-b686e581c189}</UniqueIdentifier>
    </Filter>
  </ItemGroup>
  <ItemGroup>
    <ClCompile Include="ChildFrm.cpp">
      <Filter>Source Files</Filter>
    </ClCompile>
    <ClCompile Include="MainFrm.cpp">
      <Filter>Source Files</Filter>
    </ClCompile>
    <ClCompile Include="Pane.cpp">
      <Filter>Source Files</Filter>
    </ClCompile>
    <ClCompile Include="PaneColorSet.cpp">
      <Filter>Source Files</Filter>
    </ClCompile>
    <ClCompile Include="PaneDoc.cpp">
      <Filter>Source Files</Filter>
    </ClCompile>
    <ClCompile Include="PaneView.cpp">
      <Filter>Source Files</Filter>
    </ClCompile>
    <ClCompile Include="StdAfx.cpp">
      <Filter>Source Files</Filter>
    </ClCompile>
  </ItemGroup>
  <ItemGroup>
    <ResourceCompile Include="Pane.rc">
      <Filter>Source Files</Filter>
    </ResourceCompile>
  </ItemGroup>
  <ItemGroup>
    <ClInclude Include="ChildFrm.h">
      <Filter>Header Files</Filter>
    </ClInclude>
    <ClInclude Include="MainFrm.h">
      <Filter>Header Files</Filter>
    </ClInclude>
    <ClInclude Include="Pane.h">
      <Filter>Header Files</Filter>
    </ClInclude>
    <ClInclude Include="PaneColorSet.h">
      <Filter>Header Files</Filter>
    </ClInclude>
    <ClInclude Include="PaneDoc.h">
      <Filter>Header Files</Filter>
    </ClInclude>
    <ClInclude Include="PaneView.h">
      <Filter>Header Files</Filter>
    </ClInclude>
    <ClInclude Include="Resource.h">
      <Filter>Header Files</Filter>
    </ClInclude>
    <ClInclude Include="StdAfx.h">
      <Filter>Header Files</Filter>
    </ClInclude>
  </ItemGroup>
  <ItemGroup>
    <None Include="res\bitmap1.bmp">
      <Filter>Resource Files</Filter>
    </None>
    <None Include="res\bitmap2.bmp">
      <Filter>Resource Files</Filter>
    </None>
    <None Include="res\CjSample.ico">
      <Filter>Resource Files</Filter>
    </None>
    <None Include="res\Pane.ico">
      <Filter>Resource Files</Filter>
    </None>
    <None Include="res\Pane.rc2">
      <Filter>Resource Files</Filter>
    </None>
    <None Include="res\PaneDoc.ico">
      <Filter>Resource Files</Filter>
    </None>
    <None Include="res\SPLITH.CUR">
      <Filter>Resource Files</Filter>
    </None>
    <None Include="res\SPLITV.CUR">
      <Filter>Resource Files</Filter>
    </None>
    <None Include="res\Toolbar.bmp">
      <Filter>Resource Files</Filter>
    </None>
    <None Include="res\spiral.xml" />
  </ItemGroup>
  <ItemGroup>
    <CustomBuild Include="..\..\..\Source\Styles\Office2007.dll">
      <Filter>Styles</Filter>
    </CustomBuild>
    <CustomBuild Include="..\..\..\Source\Styles\Office2010.dll">
      <Filter>Styles</Filter>
    </CustomBuild>
    <CustomBuild Include="..\..\..\Source\Styles\Office2013.dll">
      <Filter>Styles</Filter>
    </CustomBuild>
    <CustomBuild Include="..\..\..\Source\Styles\Office2016.dll">
      <Filter>Styles</Filter>
    </CustomBuild>
    <CustomBuild Include="..\..\..\Source\Styles\VisualStudio2012.dll">
      <Filter>Styles</Filter>
    </CustomBuild>
    <CustomBuild Include="..\..\..\Source\Styles\VisualStudio2015.dll">
      <Filter>Styles</Filter>
    </CustomBuild>
    <CustomBuild Include="..\..\..\Source\Styles\Windows7.dll">
      <Filter>Styles</Filter>
    </CustomBuild>
  </ItemGroup>
</Project>