<?xml version="1.0" encoding="utf-8"?>
<Project ToolsVersion="4.0" xmlns="http://schemas.microsoft.com/developer/msbuild/2003">
  <ItemGroup>
    <Filter Include="Source Files">
      <UniqueIdentifier>{3b677c03-5f6f-466d-9417-a384870163c8}</UniqueIdentifier>
      <Extensions>cpp;c;cxx;rc;def;r;odl;idl;hpj;bat</Extensions>
    </Filter>
    <Filter Include="Header Files">
      <UniqueIdentifier>{dfa9ff19-a8ea-4458-9cba-1e76127d9427}</UniqueIdentifier>
      <Extensions>h;hpp;hxx;hm;inl</Extensions>
    </Filter>
    <Filter Include="Resource Files">
      <UniqueIdentifier>{a48bee0f-9d84-4f42-8a25-bacef4b4f337}</UniqueIdentifier>
      <Extensions>ico;cur;bmp;dlg;rc2;rct;bin;rgs;gif;jpg;jpeg;jpe</Extensions>
    </Filter>
    <Filter Include="Actions">
      <UniqueIdentifier>{1208ac69-8d3e-4ee9-bd0e-b8484f69e809}</UniqueIdentifier>
    </Filter>
    <Filter Include="Styles">
      <UniqueIdentifier>{d47d47d0-cbd5-48fe-87a0-eebbae5493e7}</UniqueIdentifier>
    </Filter>
  </ItemGroup>
  <ItemGroup>
    <ClCompile Include="ActionsSample.cpp">
      <Filter>Source Files</Filter>
    </ClCompile>
    <ClCompile Include="ActionsSampleDoc.cpp">
      <Filter>Source Files</Filter>
    </ClCompile>
    <ClCompile Include="ActionsSampleView.cpp">
      <Filter>Source Files</Filter>
    </ClCompile>
    <ClCompile Include="CntrItem.cpp">
      <Filter>Source Files</Filter>
    </ClCompile>
    <ClCompile Include="DialogActions.cpp">
      <Filter>Source Files</Filter>
    </ClCompile>
    <ClCompile Include="MainFrm.cpp">
      <Filter>Source Files</Filter>
    </ClCompile>
    <ClCompile Include="StdAfx.cpp">
      <Filter>Source Files</Filter>
    </ClCompile>
  </ItemGroup>
  <ItemGroup>
    <ResourceCompile Include="ActionsSample.rc">
      <Filter>Source Files</Filter>
    </ResourceCompile>
  </ItemGroup>
  <ItemGroup>
    <ClInclude Include="ActionsSample.h">
      <Filter>Header Files</Filter>
    </ClInclude>
    <ClInclude Include="ActionsSampleDoc.h">
      <Filter>Header Files</Filter>
    </ClInclude>
    <ClInclude Include="ActionsSampleView.h">
      <Filter>Header Files</Filter>
    </ClInclude>
    <ClInclude Include="CntrItem.h">
      <Filter>Header Files</Filter>
    </ClInclude>
    <ClInclude Include="DialogActions.h">
      <Filter>Header Files</Filter>
    </ClInclude>
    <ClInclude Include="MainFrm.h">
      <Filter>Header Files</Filter>
    </ClInclude>
    <ClInclude Include="Resource.h">
      <Filter>Header Files</Filter>
    </ClInclude>
    <ClInclude Include="StdAfx.h">
      <Filter>Header Files</Filter>
    </ClInclude>
  </ItemGroup>
  <ItemGroup>
    <None Include="res\ActionsSample.ico">
      <Filter>Resource Files</Filter>
    </None>
    <None Include="res\ActionsSample.rc2">
      <Filter>Resource Files</Filter>
    </None>
    <None Include="res\ActionsSampleDoc.ico">
      <Filter>Resource Files</Filter>
    </None>
    <None Include="res\black.ico">
      <Filter>Resource Files</Filter>
    </None>
    <None Include="res\CJSample.ico">
      <Filter>Resource Files</Filter>
    </None>
    <None Include="res\Toolbar.bmp">
      <Filter>Resource Files</Filter>
    </None>
    <None Include="res\Toolbar.png">
      <Filter>Resource Files</Filter>
    </None>
    <None Include="res\white.ico">
      <Filter>Resource Files</Filter>
    </None>
    <None Include="Readme.rtf" />
    <None Include="res\Toolbar2013_16.png" />
    <None Include="res\ToolbarDark_16.png" />
    <None Include="res\ToolbarLight_16.png" />
  </ItemGroup>
  <ItemGroup>
    <CustomBuild Include="Actions\Actions.English.xml">
      <Filter>Actions</Filter>
    </CustomBuild>
    <CustomBuild Include="Actions\Actions.German.xml">
      <Filter>Actions</Filter>
    </CustomBuild>
    <CustomBuild Include="..\..\..\Source\Styles\Office2007.dll">
      <Filter>Styles</Filter>
    </CustomBuild>
    <CustomBuild Include="..\..\..\Source\Styles\Office2010.dll">
      <Filter>Styles</Filter>
    </CustomBuild>
    <CustomBuild Include="..\..\..\Source\Styles\Office2013.dll">
      <Filter>Styles</Filter>
    </CustomBuild>
    <CustomBuild Include="..\..\..\Source\Styles\VisualStudio2012.dll">
      <Filter>Styles</Filter>
    </CustomBuild>
    <CustomBuild Include="..\..\..\Source\Styles\VisualStudio2015.dll">
      <Filter>Styles</Filter>
    </CustomBuild>
    <CustomBuild Include="..\..\..\Source\Styles\Windows7.dll">
      <Filter>Styles</Filter>
    </CustomBuild>
  </ItemGroup>
</Project>