<?xml version="1.0" encoding="utf-8"?>
<Project ToolsVersion="4.0" xmlns="http://schemas.microsoft.com/developer/msbuild/2003">
  <ItemGroup>
    <Filter Include="Source Files">
      <UniqueIdentifier>{e74813e7-8c4b-4cc8-be5f-a846d81f13a5}</UniqueIdentifier>
      <Extensions>cpp;c;cxx;rc;def;r;odl;idl;hpj;bat</Extensions>
    </Filter>
    <Filter Include="Header Files">
      <UniqueIdentifier>{dc0981d6-2d07-4685-8620-a34c92964150}</UniqueIdentifier>
      <Extensions>h;hpp;hxx;hm;inl</Extensions>
    </Filter>
    <Filter Include="Resource Files">
      <UniqueIdentifier>{33cfda90-71d2-4c43-8054-eef7d5c3ab4f}</UniqueIdentifier>
      <Extensions>ico;cur;bmp;dlg;rc2;rct;bin;rgs;gif;jpg;jpeg;jpe</Extensions>
    </Filter>
    <Filter Include="Styles">
      <UniqueIdentifier>{3c4e78f5-d5fe-4286-acc7-c533c2f0c95b}</UniqueIdentifier>
    </Filter>
  </ItemGroup>
  <ItemGroup>
    <ClCompile Include="AdvancedCalendarOptionsDlg.cpp">
      <Filter>Source Files</Filter>
    </ClCompile>
    <ClCompile Include="CalendarDemo.cpp">
      <Filter>Source Files</Filter>
    </ClCompile>
    <ClCompile Include="CalendarDemoDoc.cpp">
      <Filter>Source Files</Filter>
    </ClCompile>
    <ClCompile Include="CalendarDemoView.cpp">
      <Filter>Source Files</Filter>
    </ClCompile>
    <ClCompile Include="CalendarEventColorDlg.cpp">
      <Filter>Source Files</Filter>
    </ClCompile>
    <ClCompile Include="CalendarResourcesDlg.cpp">
      <Filter>Source Files</Filter>
    </ClCompile>
    <ClCompile Include="DataProvidersOptions.cpp">
      <Filter>Source Files</Filter>
    </ClCompile>
    <ClCompile Include="MainFrm.cpp">
      <Filter>Source Files</Filter>
    </ClCompile>
    <ClCompile Include="OptionsDialogBar.cpp">
      <Filter>Source Files</Filter>
    </ClCompile>
    <ClCompile Include="StdAfx.cpp">
      <Filter>Source Files</Filter>
    </ClCompile>
  </ItemGroup>
  <ItemGroup>
    <ResourceCompile Include="CalendarDemo.rc">
      <Filter>Source Files</Filter>
    </ResourceCompile>
  </ItemGroup>
  <ItemGroup>
    <ClInclude Include="AdvancedCalendarOptionsDlg.h">
      <Filter>Header Files</Filter>
    </ClInclude>
    <ClInclude Include="CalendarDemo.h">
      <Filter>Header Files</Filter>
    </ClInclude>
    <ClInclude Include="CalendarDemoDoc.h">
      <Filter>Header Files</Filter>
    </ClInclude>
    <ClInclude Include="CalendarDemoView.h">
      <Filter>Header Files</Filter>
    </ClInclude>
    <ClInclude Include="CalendarEventColorDlg.h">
      <Filter>Header Files</Filter>
    </ClInclude>
    <ClInclude Include="CalendarResourcesDlg.h">
      <Filter>Header Files</Filter>
    </ClInclude>
    <ClInclude Include="DataProvidersOptions.h">
      <Filter>Header Files</Filter>
    </ClInclude>
    <ClInclude Include="MainFrm.h">
      <Filter>Header Files</Filter>
    </ClInclude>
    <ClInclude Include="OptionsDialogBar.h">
      <Filter>Header Files</Filter>
    </ClInclude>
    <ClInclude Include="Resource.h">
      <Filter>Header Files</Filter>
    </ClInclude>
    <ClInclude Include="StdAfx.h">
      <Filter>Header Files</Filter>
    </ClInclude>
  </ItemGroup>
  <ItemGroup>
    <None Include="res\Cal_Meeting.ico">
      <Filter>Resource Files</Filter>
    </None>
    <None Include="res\Cal_Private.ico">
      <Filter>Resource Files</Filter>
    </None>
    <None Include="res\CalendarDemo.rc2">
      <Filter>Resource Files</Filter>
    </None>
    <None Include="res\CjSample.ico">
      <Filter>Resource Files</Filter>
    </None>
    <None Include="res\outlook-2013-home-16x16.bmp">
      <Filter>Resource Files</Filter>
    </None>
    <None Include="res\outlook-2013-home-32x32.bmp">
      <Filter>Resource Files</Filter>
    </None>
    <None Include="res\outlook-2013-meeting-16x16.bmp">
      <Filter>Resource Files</Filter>
    </None>
    <None Include="res\outlook-2013-meeting-32x32.bmp">
      <Filter>Resource Files</Filter>
    </None>
    <None Include="res\Toolbar.bmp">
      <Filter>Resource Files</Filter>
    </None>
    <None Include="res\ToolBar_a.bmp">
      <Filter>Resource Files</Filter>
    </None>
    <None Include="res\shiny-gear.png" />
  </ItemGroup>
  <ItemGroup>
    <CustomBuild Include="..\..\..\Source\Styles\Office2007.dll">
      <Filter>Styles</Filter>
    </CustomBuild>
    <CustomBuild Include="..\..\..\Source\Styles\Office2010.dll">
      <Filter>Styles</Filter>
    </CustomBuild>
    <CustomBuild Include="..\..\..\Source\Styles\Office2013.dll">
      <Filter>Styles</Filter>
    </CustomBuild>
    <CustomBuild Include="..\..\..\Source\Styles\Office2016.dll">
      <Filter>Styles</Filter>
    </CustomBuild>
    <CustomBuild Include="..\..\..\Source\Styles\VisualStudio2015.dll">
      <Filter>Styles</Filter>
    </CustomBuild>
    <CustomBuild Include="..\..\..\Source\Styles\Windows7.dll">
      <Filter>Styles</Filter>
    </CustomBuild>
  </ItemGroup>
</Project>