<?xml version="1.0" encoding="utf-8"?>
<Project ToolsVersion="4.0" xmlns="http://schemas.microsoft.com/developer/msbuild/2003">
  <ItemGroup>
    <Filter Include="Source Files">
      <UniqueIdentifier>{bff74295-08fd-4a4f-94a3-86056edd1a96}</UniqueIdentifier>
      <Extensions>cpp;c;cxx;rc;def;r;odl;idl;hpj;bat</Extensions>
    </Filter>
    <Filter Include="Header Files">
      <UniqueIdentifier>{bf6c0f5b-8176-401d-9d39-b60d28e95d8e}</UniqueIdentifier>
      <Extensions>h;hpp;hxx;hm;inl</Extensions>
    </Filter>
    <Filter Include="Resource Files">
      <UniqueIdentifier>{e6a64c4f-ec48-48c4-be72-508f97b8b165}</UniqueIdentifier>
      <Extensions>ico;cur;bmp;dlg;rc2;rct;bin;rgs;gif;jpg;jpeg;jpe</Extensions>
    </Filter>
    <Filter Include="Styles">
      <UniqueIdentifier>{0cd565af-08ef-4cf1-901f-8dda4364d5ca}</UniqueIdentifier>
    </Filter>
  </ItemGroup>
  <ItemGroup>
    <ClCompile Include="CntrItem.cpp">
      <Filter>Source Files</Filter>
    </ClCompile>
    <ClCompile Include="MainFrm.cpp">
      <Filter>Source Files</Filter>
    </ClCompile>
    <ClCompile Include="SampleView.cpp">
      <Filter>Source Files</Filter>
    </ClCompile>
    <ClCompile Include="SkinManagerExtResourceFile.cpp">
      <Filter>Source Files</Filter>
    </ClCompile>
    <ClCompile Include="SkinSDISample.cpp">
      <Filter>Source Files</Filter>
    </ClCompile>
    <ClCompile Include="SkinSDISampleDoc.cpp">
      <Filter>Source Files</Filter>
    </ClCompile>
    <ClCompile Include="SkinSDISampleView.cpp">
      <Filter>Source Files</Filter>
    </ClCompile>
    <ClCompile Include="StdAfx.cpp">
      <Filter>Source Files</Filter>
    </ClCompile>
  </ItemGroup>
  <ItemGroup>
    <ResourceCompile Include="SkinSDISample.rc">
      <Filter>Source Files</Filter>
    </ResourceCompile>
  </ItemGroup>
  <ItemGroup>
    <ClInclude Include="CntrItem.h">
      <Filter>Header Files</Filter>
    </ClInclude>
    <ClInclude Include="MainFrm.h">
      <Filter>Header Files</Filter>
    </ClInclude>
    <ClInclude Include="Resource.h">
      <Filter>Header Files</Filter>
    </ClInclude>
    <ClInclude Include="SampleView.h">
      <Filter>Header Files</Filter>
    </ClInclude>
    <ClInclude Include="SkinManagerExtResourceFile.h">
      <Filter>Header Files</Filter>
    </ClInclude>
    <ClInclude Include="SkinSDISample.h">
      <Filter>Header Files</Filter>
    </ClInclude>
    <ClInclude Include="SkinSDISampleDoc.h">
      <Filter>Header Files</Filter>
    </ClInclude>
    <ClInclude Include="SkinSDISampleView.h">
      <Filter>Header Files</Filter>
    </ClInclude>
    <ClInclude Include="StdAfx.h">
      <Filter>Header Files</Filter>
    </ClInclude>
  </ItemGroup>
  <ItemGroup>
    <None Include="res\CJSample.ico">
      <Filter>Resource Files</Filter>
    </None>
    <None Include="res\SkinSDISample.rc2">
      <Filter>Resource Files</Filter>
    </None>
    <None Include="res\SkinSDISampleDoc.ico">
      <Filter>Resource Files</Filter>
    </None>
    <None Include="res\Toolbar.bmp">
      <Filter>Resource Files</Filter>
    </None>
    <None Include="res\ToolbarA.bmp">
      <Filter>Resource Files</Filter>
    </None>
  </ItemGroup>
  <ItemGroup>
    <CustomBuild Include="Styles\readme.txt">
      <Filter>Styles</Filter>
    </CustomBuild>
  </ItemGroup>
</Project>