<?xml version="1.0" encoding="utf-8"?>
<Project ToolsVersion="4.0" xmlns="http://schemas.microsoft.com/developer/msbuild/2003">
  <ItemGroup>
    <Filter Include="Source Files">
      <UniqueIdentifier>{5c58aaa8-eac5-4708-b26f-ff07524dd54b}</UniqueIdentifier>
      <Extensions>cpp;c;cxx;rc;def;r;odl;idl;hpj;bat</Extensions>
    </Filter>
    <Filter Include="Header Files">
      <UniqueIdentifier>{bb1d6629-5905-4243-ab1d-41cb3f654975}</UniqueIdentifier>
      <Extensions>h;hpp;hxx;hm;inl</Extensions>
    </Filter>
    <Filter Include="Resource Files">
      <UniqueIdentifier>{d8e69fe1-fcf9-473f-8506-34aae1686cf0}</UniqueIdentifier>
      <Extensions>ico;cur;bmp;dlg;rc2;rct;bin;rgs;gif;jpg;jpeg;jpe</Extensions>
    </Filter>
    <Filter Include="Styles">
      <UniqueIdentifier>{8350c0e7-87ea-4037-9784-74037277d604}</UniqueIdentifier>
      <Extensions>*.dll</Extensions>
    </Filter>
  </ItemGroup>
  <ItemGroup>
    <ClCompile Include="CustomItems.cpp">
      <Filter>Source Files</Filter>
    </ClCompile>
    <ClCompile Include="PropertyGrid.cpp">
      <Filter>Source Files</Filter>
    </ClCompile>
    <ClCompile Include="PropertyGridDlg.cpp">
      <Filter>Source Files</Filter>
    </ClCompile>
    <ClCompile Include="StdAfx.cpp">
      <Filter>Source Files</Filter>
    </ClCompile>
  </ItemGroup>
  <ItemGroup>
    <ResourceCompile Include="PropertyGrid.rc">
      <Filter>Source Files</Filter>
    </ResourceCompile>
  </ItemGroup>
  <ItemGroup>
    <ClInclude Include="CustomItems.h">
      <Filter>Header Files</Filter>
    </ClInclude>
    <ClInclude Include="PropertyGrid.h">
      <Filter>Header Files</Filter>
    </ClInclude>
    <ClInclude Include="PropertyGridDlg.h">
      <Filter>Header Files</Filter>
    </ClInclude>
    <ClInclude Include="Resource.h">
      <Filter>Header Files</Filter>
    </ClInclude>
    <ClInclude Include="StdAfx.h">
      <Filter>Header Files</Filter>
    </ClInclude>
  </ItemGroup>
  <ItemGroup>
    <None Include="res\CjSample.ico">
      <Filter>Resource Files</Filter>
    </None>
    <None Include="res\PropertyGrid.ico">
      <Filter>Resource Files</Filter>
    </None>
    <None Include="res\PropertyGrid.rc2">
      <Filter>Resource Files</Filter>
    </None>
  </ItemGroup>
  <ItemGroup>
    <CustomBuild Include="..\..\..\Source\Styles\Office2007.dll">
      <Filter>Styles</Filter>
    </CustomBuild>
    <CustomBuild Include="..\..\..\Source\Styles\Office2010.dll">
      <Filter>Styles</Filter>
    </CustomBuild>
    <CustomBuild Include="..\..\..\Source\Styles\Office2013.dll">
      <Filter>Styles</Filter>
    </CustomBuild>
    <CustomBuild Include="..\..\..\Source\Styles\Office2016.dll">
      <Filter>Styles</Filter>
    </CustomBuild>
    <CustomBuild Include="..\..\..\Source\Styles\VisualStudio2015.dll">
      <Filter>Styles</Filter>
    </CustomBuild>
  </ItemGroup>
</Project>