<?xml version="1.0" encoding="utf-8"?>
<Project ToolsVersion="4.0" xmlns="http://schemas.microsoft.com/developer/msbuild/2003">
  <ItemGroup>
    <Filter Include="Source Files">
      <UniqueIdentifier>{a366978a-493a-4408-9287-9f3bf38f50c8}</UniqueIdentifier>
      <Extensions>cpp;c;cxx;rc;def;r;odl;idl;hpj;bat</Extensions>
    </Filter>
    <Filter Include="Header Files">
      <UniqueIdentifier>{a507792d-b987-4a9e-ac54-d12955a4118e}</UniqueIdentifier>
      <Extensions>h;hpp;hxx;hm;inl</Extensions>
    </Filter>
    <Filter Include="Resource Files">
      <UniqueIdentifier>{91101089-adee-4a83-9f92-c9a74f66a3d3}</UniqueIdentifier>
      <Extensions>ico;cur;bmp;dlg;rc2;rct;bin;rgs;gif;jpg;jpeg;jpe</Extensions>
    </Filter>
  </ItemGroup>
  <ItemGroup>
    <ClCompile Include="DatePickerCombo.cpp">
      <Filter>Source Files</Filter>
    </ClCompile>
    <ClCompile Include="DatePickerDemo.cpp">
      <Filter>Source Files</Filter>
    </ClCompile>
    <ClCompile Include="DatePickerDemoDlg.cpp">
      <Filter>Source Files</Filter>
    </ClCompile>
    <ClCompile Include="stdafx.cpp">
      <Filter>Source Files</Filter>
    </ClCompile>
  </ItemGroup>
  <ItemGroup>
    <ResourceCompile Include="DatePickerDemo.rc">
      <Filter>Source Files</Filter>
    </ResourceCompile>
  </ItemGroup>
  <ItemGroup>
    <ClInclude Include="DatePickerCombo.h">
      <Filter>Header Files</Filter>
    </ClInclude>
    <ClInclude Include="DatePickerDemo.h">
      <Filter>Header Files</Filter>
    </ClInclude>
    <ClInclude Include="DatePickerDemoDlg.h">
      <Filter>Header Files</Filter>
    </ClInclude>
    <ClInclude Include="Resource.h">
      <Filter>Header Files</Filter>
    </ClInclude>
    <ClInclude Include="StdAfx.h">
      <Filter>Header Files</Filter>
    </ClInclude>
  </ItemGroup>
  <ItemGroup>
    <None Include="res\DatePickerDemo.ico">
      <Filter>Resource Files</Filter>
    </None>
    <None Include="res\DatePickerDemo.rc2">
      <Filter>Resource Files</Filter>
    </None>
    <None Include="res\manifest.xml" />
  </ItemGroup>
</Project>