Microsoft Visual Studio Solution File, Format Version 12.00
# Visual Studio Version 16
VisualStudioVersion = 16.0.32630.194
MinimumVisualStudioVersion = 10.0.40219.1
Project("{8BC9CEB8-8B4A-11D0-8D11-00A0C91BC942}") = "Codejock.ToolkitPro.Shared", "ToolkitProShared_vc160.vcxproj", "{13953197-2998-1366-2172-684143197244}"
EndProject
Project("{8BC9CEB8-8B4A-11D0-8D11-00A0C91BC942}") = "Codejock.ToolkitPro.Static", "ToolkitProStatic_vc160.vcxproj", "{86932939-6943-1914-1574-438519546273}"
EndProject
Global
	GlobalSection(SolutionConfigurationPlatforms) = preSolution
		Debug|x64 = Debug|x64
		Debug|x86 = Debug|x86
		Dynamic Debug|x64 = Dynamic Debug|x64
		Dynamic Debug|x86 = Dynamic Debug|x86
		Dynamic Release|x64 = Dynamic Release|x64
		Dynamic Release|x86 = Dynamic Release|x86
		Dynamic Unicode Debug|x64 = Dynamic Unicode Debug|x64
		Dynamic Unicode Debug|x86 = Dynamic Unicode Debug|x86
		Dynamic Unicode Release|x64 = Dynamic Unicode Release|x64
		Dynamic Unicode Release|x86 = Dynamic Unicode Release|x86
		Release|x64 = Release|x64
		Release|x86 = Release|x86
		Static Debug|x64 = Static Debug|x64
		Static Debug|x86 = Static Debug|x86
		Static Release|x64 = Static Release|x64
		Static Release|x86 = Static Release|x86
		Static Unicode Debug|x64 = Static Unicode Debug|x64
		Static Unicode Debug|x86 = Static Unicode Debug|x86
		Static Unicode Release|x64 = Static Unicode Release|x64
		Static Unicode Release|x86 = Static Unicode Release|x86
		Unicode Debug|x64 = Unicode Debug|x64
		Unicode Debug|x86 = Unicode Debug|x86
		Unicode Release|x64 = Unicode Release|x64
		Unicode Release|x86 = Unicode Release|x86
	EndGlobalSection
	GlobalSection(ProjectConfigurationPlatforms) = postSolution
		{13953197-2998-1366-2172-684143197244}.Debug|x64.ActiveCfg = Debug|x64
		{13953197-2998-1366-2172-684143197244}.Debug|x64.Build.0 = Debug|x64
		{13953197-2998-1366-2172-684143197244}.Debug|x86.ActiveCfg = Debug|Win32
		{13953197-2998-1366-2172-684143197244}.Debug|x86.Build.0 = Debug|Win32
		{13953197-2998-1366-2172-684143197244}.Dynamic Debug|x64.ActiveCfg = Debug|x64
		{13953197-2998-1366-2172-684143197244}.Dynamic Debug|x64.Build.0 = Debug|x64
		{13953197-2998-1366-2172-684143197244}.Dynamic Debug|x86.ActiveCfg = Debug|Win32
		{13953197-2998-1366-2172-684143197244}.Dynamic Debug|x86.Build.0 = Debug|Win32
		{13953197-2998-1366-2172-684143197244}.Dynamic Release|x64.ActiveCfg = Release|x64
		{13953197-2998-1366-2172-684143197244}.Dynamic Release|x64.Build.0 = Release|x64
		{13953197-2998-1366-2172-684143197244}.Dynamic Release|x86.ActiveCfg = Release|Win32
		{13953197-2998-1366-2172-684143197244}.Dynamic Release|x86.Build.0 = Release|Win32
		{13953197-2998-1366-2172-684143197244}.Dynamic Unicode Debug|x64.ActiveCfg = Unicode Debug|x64
		{13953197-2998-1366-2172-684143197244}.Dynamic Unicode Debug|x64.Build.0 = Unicode Debug|x64
		{13953197-2998-1366-2172-684143197244}.Dynamic Unicode Debug|x86.ActiveCfg = Unicode Debug|Win32
		{13953197-2998-1366-2172-684143197244}.Dynamic Unicode Debug|x86.Build.0 = Unicode Debug|Win32
		{13953197-2998-1366-2172-684143197244}.Dynamic Unicode Release|x64.ActiveCfg = Unicode Release|x64
		{13953197-2998-1366-2172-684143197244}.Dynamic Unicode Release|x64.Build.0 = Unicode Release|x64
		{13953197-2998-1366-2172-684143197244}.Dynamic Unicode Release|x86.ActiveCfg = Unicode Release|Win32
		{13953197-2998-1366-2172-684143197244}.Dynamic Unicode Release|x86.Build.0 = Unicode Release|Win32
		{13953197-2998-1366-2172-684143197244}.Release|x64.ActiveCfg = Release|x64
		{13953197-2998-1366-2172-684143197244}.Release|x64.Build.0 = Release|x64
		{13953197-2998-1366-2172-684143197244}.Release|x86.ActiveCfg = Release|Win32
		{13953197-2998-1366-2172-684143197244}.Release|x86.Build.0 = Release|Win32
		{13953197-2998-1366-2172-684143197244}.Static Debug|x64.ActiveCfg = Debug|x64
		{13953197-2998-1366-2172-684143197244}.Static Debug|x64.Build.0 = Debug|x64
		{13953197-2998-1366-2172-684143197244}.Static Debug|x86.ActiveCfg = Debug|Win32
		{13953197-2998-1366-2172-684143197244}.Static Debug|x86.Build.0 = Debug|Win32
		{13953197-2998-1366-2172-684143197244}.Static Release|x64.ActiveCfg = Release|x64
		{13953197-2998-1366-2172-684143197244}.Static Release|x64.Build.0 = Release|x64
		{13953197-2998-1366-2172-684143197244}.Static Release|x86.ActiveCfg = Release|Win32
		{13953197-2998-1366-2172-684143197244}.Static Release|x86.Build.0 = Release|Win32
		{13953197-2998-1366-2172-684143197244}.Static Unicode Debug|x64.ActiveCfg = Unicode Debug|x64
		{13953197-2998-1366-2172-684143197244}.Static Unicode Debug|x64.Build.0 = Unicode Debug|x64
		{13953197-2998-1366-2172-684143197244}.Static Unicode Debug|x86.ActiveCfg = Unicode Debug|Win32
		{13953197-2998-1366-2172-684143197244}.Static Unicode Debug|x86.Build.0 = Unicode Debug|Win32
		{13953197-2998-1366-2172-684143197244}.Static Unicode Release|x64.ActiveCfg = Unicode Release|x64
		{13953197-2998-1366-2172-684143197244}.Static Unicode Release|x64.Build.0 = Unicode Release|x64
		{13953197-2998-1366-2172-684143197244}.Static Unicode Release|x86.ActiveCfg = Unicode Release|Win32
		{13953197-2998-1366-2172-684143197244}.Static Unicode Release|x86.Build.0 = Unicode Release|Win32
		{13953197-2998-1366-2172-684143197244}.Unicode Debug|x64.ActiveCfg = Unicode Debug|x64
		{13953197-2998-1366-2172-684143197244}.Unicode Debug|x64.Build.0 = Unicode Debug|x64
		{13953197-2998-1366-2172-684143197244}.Unicode Debug|x86.ActiveCfg = Unicode Debug|Win32
		{13953197-2998-1366-2172-684143197244}.Unicode Debug|x86.Build.0 = Unicode Debug|Win32
		{13953197-2998-1366-2172-684143197244}.Unicode Release|x64.ActiveCfg = Unicode Release|x64
		{13953197-2998-1366-2172-684143197244}.Unicode Release|x64.Build.0 = Unicode Release|x64
		{13953197-2998-1366-2172-684143197244}.Unicode Release|x86.ActiveCfg = Unicode Release|Win32
		{13953197-2998-1366-2172-684143197244}.Unicode Release|x86.Build.0 = Unicode Release|Win32
		{86932939-6943-1914-1574-438519546273}.Debug|x64.ActiveCfg = Dynamic Debug|x64
		{86932939-6943-1914-1574-438519546273}.Debug|x64.Build.0 = Dynamic Debug|x64
		{86932939-6943-1914-1574-438519546273}.Debug|x86.ActiveCfg = Dynamic Debug|Win32
		{86932939-6943-1914-1574-438519546273}.Debug|x86.Build.0 = Dynamic Debug|Win32
		{86932939-6943-1914-1574-438519546273}.Dynamic Debug|x64.ActiveCfg = Dynamic Debug|x64
		{86932939-6943-1914-1574-438519546273}.Dynamic Debug|x64.Build.0 = Dynamic Debug|x64
		{86932939-6943-1914-1574-438519546273}.Dynamic Debug|x86.ActiveCfg = Dynamic Debug|Win32
		{86932939-6943-1914-1574-438519546273}.Dynamic Debug|x86.Build.0 = Dynamic Debug|Win32
		{86932939-6943-1914-1574-438519546273}.Dynamic Release|x64.ActiveCfg = Dynamic Release|x64
		{86932939-6943-1914-1574-438519546273}.Dynamic Release|x64.Build.0 = Dynamic Release|x64
		{86932939-6943-1914-1574-438519546273}.Dynamic Release|x86.ActiveCfg = Dynamic Release|Win32
		{86932939-6943-1914-1574-438519546273}.Dynamic Release|x86.Build.0 = Dynamic Release|Win32
		{86932939-6943-1914-1574-438519546273}.Dynamic Unicode Debug|x64.ActiveCfg = Dynamic Unicode Debug|x64
		{86932939-6943-1914-1574-438519546273}.Dynamic Unicode Debug|x64.Build.0 = Dynamic Unicode Debug|x64
		{86932939-6943-1914-1574-438519546273}.Dynamic Unicode Debug|x86.ActiveCfg = Dynamic Unicode Debug|Win32
		{86932939-6943-1914-1574-438519546273}.Dynamic Unicode Debug|x86.Build.0 = Dynamic Unicode Debug|Win32
		{86932939-6943-1914-1574-438519546273}.Dynamic Unicode Release|x64.ActiveCfg = Dynamic Unicode Release|x64
		{86932939-6943-1914-1574-438519546273}.Dynamic Unicode Release|x64.Build.0 = Dynamic Unicode Release|x64
		{86932939-6943-1914-1574-438519546273}.Dynamic Unicode Release|x86.ActiveCfg = Dynamic Unicode Release|Win32
		{86932939-6943-1914-1574-438519546273}.Dynamic Unicode Release|x86.Build.0 = Dynamic Unicode Release|Win32
		{86932939-6943-1914-1574-438519546273}.Release|x64.ActiveCfg = Static Release|x64
		{86932939-6943-1914-1574-438519546273}.Release|x64.Build.0 = Static Release|x64
		{86932939-6943-1914-1574-438519546273}.Release|x86.ActiveCfg = Static Release|Win32
		{86932939-6943-1914-1574-438519546273}.Release|x86.Build.0 = Static Release|Win32
		{86932939-6943-1914-1574-438519546273}.Static Debug|x64.ActiveCfg = Static Debug|x64
		{86932939-6943-1914-1574-438519546273}.Static Debug|x64.Build.0 = Static Debug|x64
		{86932939-6943-1914-1574-438519546273}.Static Debug|x86.ActiveCfg = Static Debug|Win32
		{86932939-6943-1914-1574-438519546273}.Static Debug|x86.Build.0 = Static Debug|Win32
		{86932939-6943-1914-1574-438519546273}.Static Release|x64.ActiveCfg = Static Release|x64
		{86932939-6943-1914-1574-438519546273}.Static Release|x64.Build.0 = Static Release|x64
		{86932939-6943-1914-1574-438519546273}.Static Release|x86.ActiveCfg = Static Release|Win32
		{86932939-6943-1914-1574-438519546273}.Static Release|x86.Build.0 = Static Release|Win32
		{86932939-6943-1914-1574-438519546273}.Static Unicode Debug|x64.ActiveCfg = Static Unicode Debug|x64
		{86932939-6943-1914-1574-438519546273}.Static Unicode Debug|x64.Build.0 = Static Unicode Debug|x64
		{86932939-6943-1914-1574-438519546273}.Static Unicode Debug|x86.ActiveCfg = Static Unicode Debug|Win32
		{86932939-6943-1914-1574-438519546273}.Static Unicode Debug|x86.Build.0 = Static Unicode Debug|Win32
		{86932939-6943-1914-1574-438519546273}.Static Unicode Release|x64.ActiveCfg = Static Unicode Release|x64
		{86932939-6943-1914-1574-438519546273}.Static Unicode Release|x64.Build.0 = Static Unicode Release|x64
		{86932939-6943-1914-1574-438519546273}.Static Unicode Release|x86.ActiveCfg = Static Unicode Release|Win32
		{86932939-6943-1914-1574-438519546273}.Static Unicode Release|x86.Build.0 = Static Unicode Release|Win32
		{86932939-6943-1914-1574-438519546273}.Unicode Debug|x64.ActiveCfg = Static Unicode Debug|x64
		{86932939-6943-1914-1574-438519546273}.Unicode Debug|x64.Build.0 = Static Unicode Debug|x64
		{86932939-6943-1914-1574-438519546273}.Unicode Debug|x86.ActiveCfg = Static Unicode Debug|Win32
		{86932939-6943-1914-1574-438519546273}.Unicode Debug|x86.Build.0 = Static Unicode Debug|Win32
		{86932939-6943-1914-1574-438519546273}.Unicode Release|x64.ActiveCfg = Dynamic Unicode Release|x64
		{86932939-6943-1914-1574-438519546273}.Unicode Release|x64.Build.0 = Dynamic Unicode Release|x64
		{86932939-6943-1914-1574-438519546273}.Unicode Release|x86.ActiveCfg = Dynamic Unicode Release|Win32
		{86932939-6943-1914-1574-438519546273}.Unicode Release|x86.Build.0 = Dynamic Unicode Release|Win32
	EndGlobalSection
	GlobalSection(SolutionProperties) = preSolution
		HideSolutionNode = FALSE
	EndGlobalSection
	GlobalSection(ExtensibilityGlobals) = postSolution
		SolutionGuid = {719DA087-000A-4398-80A9-0A133C2ED9F5}
	EndGlobalSection
EndGlobal
